// !$*UTF8*$!
{
	archiveVersion = 1;
	classes = {
	};
	objectVersion = 48;
	objects = {

/* Begin PBXBuildFile section */
		EE7519862289CDE6006A80EB /* mesh.cpp in Sources */ = {isa = PBXBuildFile; fileRef = EE75197A2289CDE5006A80EB /* mesh.cpp */; };
		EE7519872289CDE6006A80EB /* main.cpp in Sources */ = {isa = PBXBuildFile; fileRef = EE75197C2289CDE5006A80EB /* main.cpp */; };
		EE7519882289CDE6006A80EB /* slic.cpp in Sources */ = {isa = PBXBuildFile; fileRef = EE75197F2289CDE6006A80EB /* slic.cpp */; };
		EE7519892289CDE6006A80EB /* seeds.cpp in Sources */ = {isa = PBXBuildFile; fileRef = EE7519802289CDE6006A80EB /* seeds.cpp */; };
		EE75198A2289CDE6006A80EB /* segmentation.cpp in Sources */ = {isa = PBXBuildFile; fileRef = EE7519812289CDE6006A80EB /* segmentation.cpp */; };
		EE75198B2289CDE6006A80EB /* utilities.cpp in Sources */ = {isa = PBXBuildFile; fileRef = EE7519832289CDE6006A80EB /* utilities.cpp */; };
/* End PBXBuildFile section */

/* Begin PBXCopyFilesBuildPhase section */
		EE75196E2289CDAE006A80EB /* CopyFiles */ = {
			isa = PBXCopyFilesBuildPhase;
			buildActionMask = 2147483647;
			dstPath = /usr/share/man/man1/;
			dstSubfolderSpec = 0;
			files = (
			);
			runOnlyForDeploymentPostprocessing = 1;
		};
/* End PBXCopyFilesBuildPhase section */

/* Begin PBXFileReference section */
		EE7519702289CDAE006A80EB /* Meshes */ = {isa = PBXFileReference; explicitFileType = "compiled.mach-o.executable"; includeInIndex = 0; path = Meshes; sourceTree = BUILT_PRODUCTS_DIR; };
		EE75197A2289CDE5006A80EB /* mesh.cpp */ = {isa = PBXFileReference; fileEncoding = 4; lastKnownFileType = sourcecode.cpp.cpp; path = mesh.cpp; sourceTree = "<group>"; };
		EE75197B2289CDE5006A80EB /* colors.h */ = {isa = PBXFileReference; fileEncoding = 4; lastKnownFileType = sourcecode.c.h; path = colors.h; sourceTree = "<group>"; };
		EE75197C2289CDE5006A80EB /* main.cpp */ = {isa = PBXFileReference; fileEncoding = 4; lastKnownFileType = sourcecode.cpp.cpp; path = main.cpp; sourceTree = "<group>"; };
		EE75197D2289CDE5006A80EB /* mesh.h */ = {isa = PBXFileReference; fileEncoding = 4; lastKnownFileType = sourcecode.c.h; path = mesh.h; sourceTree = "<group>"; };
		EE75197E2289CDE5006A80EB /* seeds.h */ = {isa = PBXFileReference; fileEncoding = 4; lastKnownFileType = sourcecode.c.h; path = seeds.h; sourceTree = "<group>"; };
		EE75197F2289CDE6006A80EB /* slic.cpp */ = {isa = PBXFileReference; fileEncoding = 4; lastKnownFileType = sourcecode.cpp.cpp; path = slic.cpp; sourceTree = "<group>"; };
		EE7519802289CDE6006A80EB /* seeds.cpp */ = {isa = PBXFileReference; fileEncoding = 4; lastKnownFileType = sourcecode.cpp.cpp; path = seeds.cpp; sourceTree = "<group>"; };
		EE7519812289CDE6006A80EB /* segmentation.cpp */ = {isa = PBXFileReference; fileEncoding = 4; lastKnownFileType = sourcecode.cpp.cpp; path = segmentation.cpp; sourceTree = "<group>"; };
		EE7519822289CDE6006A80EB /* segmentation.h */ = {isa = PBXFileReference; fileEncoding = 4; lastKnownFileType = sourcecode.c.h; path = segmentation.h; sourceTree = "<group>"; };
		EE7519832289CDE6006A80EB /* utilities.cpp */ = {isa = PBXFileReference; fileEncoding = 4; lastKnownFileType = sourcecode.cpp.cpp; path = utilities.cpp; sourceTree = "<group>"; };
		EE7519842289CDE6006A80EB /* utilities.h */ = {isa = PBXFileReference; fileEncoding = 4; lastKnownFileType = sourcecode.c.h; path = utilities.h; sourceTree = "<group>"; };
		EE7519852289CDE6006A80EB /* slic.h */ = {isa = PBXFileReference; fileEncoding = 4; lastKnownFileType = sourcecode.c.h; path = slic.h; sourceTree = "<group>"; };
/* End PBXFileReference section */

/* Begin PBXFrameworksBuildPhase section */
		EE75196D2289CDAE006A80EB /* Frameworks */ = {
			isa = PBXFrameworksBuildPhase;
			buildActionMask = 2147483647;
			files = (
			);
			runOnlyForDeploymentPostprocessing = 0;
		};
/* End PBXFrameworksBuildPhase section */

/* Begin PBXGroup section */
		EE7519672289CDAE006A80EB = {
			isa = PBXGroup;
			children = (
				EE7519722289CDAE006A80EB /* Meshes */,
				EE7519712289CDAE006A80EB /* Products */,
			);
			sourceTree = "<group>";
		};
		EE7519712289CDAE006A80EB /* Products */ = {
			isa = PBXGroup;
			children = (
				EE7519702289CDAE006A80EB /* Meshes */,
			);
			name = Products;
			sourceTree = "<group>";
		};
		EE7519722289CDAE006A80EB /* Meshes */ = {
			isa = PBXGroup;
			children = (
				EE75197B2289CDE5006A80EB /* colors.h */,
				EE75197C2289CDE5006A80EB /* main.cpp */,
				EE75197A2289CDE5006A80EB /* mesh.cpp */,
				EE75197D2289CDE5006A80EB /* mesh.h */,
				EE7519802289CDE6006A80EB /* seeds.cpp */,
				EE75197E2289CDE5006A80EB /* seeds.h */,
				EE7519812289CDE6006A80EB /* segmentation.cpp */,
				EE7519822289CDE6006A80EB /* segmentation.h */,
				EE75197F2289CDE6006A80EB /* slic.cpp */,
				EE7519852289CDE6006A80EB /* slic.h */,
				EE7519832289CDE6006A80EB /* utilities.cpp */,
				EE7519842289CDE6006A80EB /* utilities.h */,
			);
			path = Meshes;
			sourceTree = "<group>";
		};
/* End PBXGroup section */

/* Begin PBXNativeTarget section */
		EE75196F2289CDAE006A80EB /* Meshes */ = {
			isa = PBXNativeTarget;
			buildConfigurationList = EE7519772289CDAE006A80EB /* Build configuration list for PBXNativeTarget "Meshes" */;
			buildPhases = (
				EE75196C2289CDAE006A80EB /* Sources */,
				EE75196D2289CDAE006A80EB /* Frameworks */,
				EE75196E2289CDAE006A80EB /* CopyFiles */,
			);
			buildRules = (
			);
			dependencies = (
			);
			name = Meshes;
			productName = Meshes;
			productReference = EE7519702289CDAE006A80EB /* Meshes */;
			productType = "com.apple.product-type.tool";
		};
/* End PBXNativeTarget section */

/* Begin PBXProject section */
		EE7519682289CDAE006A80EB /* Project object */ = {
			isa = PBXProject;
			attributes = {
				LastUpgradeCheck = 0920;
				ORGANIZATIONNAME = "Phil Smith";
				TargetAttributes = {
					EE75196F2289CDAE006A80EB = {
						CreatedOnToolsVersion = 9.2;
						ProvisioningStyle = Automatic;
					};
				};
			};
			buildConfigurationList = EE75196B2289CDAE006A80EB /* Build configuration list for PBXProject "Meshes" */;
			compatibilityVersion = "Xcode 8.0";
			developmentRegion = en;
			hasScannedForEncodings = 0;
			knownRegions = (
				en,
			);
			mainGroup = EE7519672289CDAE006A80EB;
			productRefGroup = EE7519712289CDAE006A80EB /* Products */;
			projectDirPath = "";
			projectRoot = "";
			targets = (
				EE75196F2289CDAE006A80EB /* Meshes */,
			);
		};
/* End PBXProject section */

/* Begin PBXSourcesBuildPhase section */
		EE75196C2289CDAE006A80EB /* Sources */ = {
			isa = PBXSourcesBuildPhase;
			buildActionMask = 2147483647;
			files = (
				EE75198B2289CDE6006A80EB /* utilities.cpp in Sources */,
				EE7519872289CDE6006A80EB /* main.cpp in Sources */,
				EE75198A2289CDE6006A80EB /* segmentation.cpp in Sources */,
				EE7519862289CDE6006A80EB /* mesh.cpp in Sources */,
				EE7519892289CDE6006A80EB /* seeds.cpp in Sources */,
				EE7519882289CDE6006A80EB /* slic.cpp in Sources */,
			);
			runOnlyForDeploymentPostprocessing = 0;
		};
/* End PBXSourcesBuildPhase section */

/* Begin XCBuildConfiguration section */
		EE7519752289CDAE006A80EB /* Debug */ = {
			isa = XCBuildConfiguration;
			buildSettings = {
				ALWAYS_SEARCH_USER_PATHS = NO;
				CLANG_ANALYZER_NONNULL = YES;
				CLANG_ANALYZER_NUMBER_OBJECT_CONVERSION = YES_AGGRESSIVE;
				CLANG_CXX_LANGUAGE_STANDARD = "gnu++14";
				CLANG_CXX_LIBRARY = "libc++";
				CLANG_ENABLE_MODULES = YES;
				CLANG_ENABLE_OBJC_ARC = YES;
				CLANG_WARN_BLOCK_CAPTURE_AUTORELEASING = YES;
				CLANG_WARN_BOOL_CONVERSION = YES;
				CLANG_WARN_COMMA = YES;
				CLANG_WARN_CONSTANT_CONVERSION = YES;
				CLANG_WARN_DIRECT_OBJC_ISA_USAGE = YES_ERROR;
				CLANG_WARN_DOCUMENTATION_COMMENTS = YES;
				CLANG_WARN_EMPTY_BODY = YES;
				CLANG_WARN_ENUM_CONVERSION = YES;
				CLANG_WARN_INFINITE_RECURSION = YES;
				CLANG_WARN_INT_CONVERSION = YES;
				CLANG_WARN_NON_LITERAL_NULL_CONVERSION = YES;
				CLANG_WARN_OBJC_LITERAL_CONVERSION = YES;
				CLANG_WARN_OBJC_ROOT_CLASS = YES_ERROR;
				CLANG_WARN_RANGE_LOOP_ANALYSIS = YES;
				CLANG_WARN_STRICT_PROTOTYPES = YES;
				CLANG_WARN_SUSPICIOUS_MOVE = YES;
				CLANG_WARN_UNGUARDED_AVAILABILITY = YES_AGGRESSIVE;
				CLANG_WARN_UNREACHABLE_CODE = YES;
				CLANG_WARN__DUPLICATE_METHOD_MATCH = YES;
				CODE_SIGN_IDENTITY = "-";
				COPY_PHASE_STRIP = NO;
				DEBUG_INFORMATION_FORMAT = dwarf;
				ENABLE_STRICT_OBJC_MSGSEND = YES;
				ENABLE_TESTABILITY = YES;
				GCC_C_LANGUAGE_STANDARD = gnu11;
				GCC_DYNAMIC_NO_PIC = NO;
				GCC_NO_COMMON_BLOCKS = YES;
				GCC_OPTIMIZATION_LEVEL = 0;
				GCC_PREPROCESSOR_DEFINITIONS = (
					"DEBUG=1",
					"$(inherited)",
				);
				GCC_WARN_64_TO_32_BIT_CONVERSION = YES;
				GCC_WARN_ABOUT_RETURN_TYPE = YES_ERROR;
				GCC_WARN_UNDECLARED_SELECTOR = YES;
				GCC_WARN_UNINITIALIZED_AUTOS = YES_AGGRESSIVE;
				GCC_WARN_UNUSED_FUNCTION = YES;
				GCC_WARN_UNUSED_VARIABLE = YES;
				MACOSX_DEPLOYMENT_TARGET = 10.14;
				MTL_ENABLE_DEBUG_INFO = YES;
				ONLY_ACTIVE_ARCH = YES;
				SDKROOT = macosx;
			};
			name = Debug;
		};
		EE7519762289CDAE006A80EB /* Release */ = {
			isa = XCBuildConfiguration;
			buildSettings = {
				ALWAYS_SEARCH_USER_PATHS = NO;
				CLANG_ANALYZER_NONNULL = YES;
				CLANG_ANALYZER_NUMBER_OBJECT_CONVERSION = YES_AGGRESSIVE;
				CLANG_CXX_LANGUAGE_STANDARD = "gnu++14";
				CLANG_CXX_LIBRARY = "libc++";
				CLANG_ENABLE_MODULES = YES;
				CLANG_ENABLE_OBJC_ARC = YES;
				CLANG_WARN_BLOCK_CAPTURE_AUTORELEASING = YES;
				CLANG_WARN_BOOL_CONVERSION = YES;
				CLANG_WARN_COMMA = YES;
				CLANG_WARN_CONSTANT_CONVERSION = YES;
				CLANG_WARN_DIRECT_OBJC_ISA_USAGE = YES_ERROR;
				CLANG_WARN_DOCUMENTATION_COMMENTS = YES;
				CLANG_WARN_EMPTY_BODY = YES;
				CLANG_WARN_ENUM_CONVERSION = YES;
				CLANG_WARN_INFINITE_RECURSION = YES;
				CLANG_WARN_INT_CONVERSION = YES;
				CLANG_WARN_NON_LITERAL_NULL_CONVERSION = YES;
				CLANG_WARN_OBJC_LITERAL_CONVERSION = YES;
				CLANG_WARN_OBJC_ROOT_CLASS = YES_ERROR;
				CLANG_WARN_RANGE_LOOP_ANALYSIS = YES;
				CLANG_WARN_STRICT_PROTOTYPES = YES;
				CLANG_WARN_SUSPICIOUS_MOVE = YES;
				CLANG_WARN_UNGUARDED_AVAILABILITY = YES_AGGRESSIVE;
				CLANG_WARN_UNREACHABLE_CODE = YES;
				CLANG_WARN__DUPLICATE_METHOD_MATCH = YES;
				CODE_SIGN_IDENTITY = "-";
				COPY_PHASE_STRIP = NO;
				DEBUG_INFORMATION_FORMAT = "dwarf-with-dsym";
				ENABLE_NS_ASSERTIONS = NO;
				ENABLE_STRICT_OBJC_MSGSEND = YES;
				GCC_C_LANGUAGE_STANDARD = gnu11;
				GCC_NO_COMMON_BLOCKS = YES;
				GCC_WARN_64_TO_32_BIT_CONVERSION = YES;
				GCC_WARN_ABOUT_RETURN_TYPE = YES_ERROR;
				GCC_WARN_UNDECLARED_SELECTOR = YES;
				GCC_WARN_UNINITIALIZED_AUTOS = YES_AGGRESSIVE;
				GCC_WARN_UNUSED_FUNCTION = YES;
				GCC_WARN_UNUSED_VARIABLE = YES;
				MACOSX_DEPLOYMENT_TARGET = 10.14;
				MTL_ENABLE_DEBUG_INFO = NO;
				SDKROOT = macosx;
			};
			name = Release;
		};
		EE7519782289CDAE006A80EB /* Debug */ = {
			isa = XCBuildConfiguration;
			buildSettings = {
				ALWAYS_SEARCH_USER_PATHS = YES;
				CODE_SIGN_STYLE = Automatic;
				HEADER_SEARCH_PATHS = (
					/usr/local/Cellar/eigen/3.3.7/include/Eigen3,
					/usr/local/Cellar/gmp/6.1.2_2/include,
					/usr/local/Cellar/mpfr/4.0.2/include,
					/usr/local/Cellar/boost/1.69.0/include,
					/usr/local/Cellar/cgal/4.14/include,
					"/usr/local/Cellar/open-mesh/7.1/include",
					/usr/local/Cellar/opencv/4.0.1/include/opencv4,
				);
				LIBRARY_SEARCH_PATHS = (
					/usr/local/Cellar/gmp/6.1.2_2/lib,
					/usr/local/Cellar/cgal/4.14/lib,
					/usr/local/Cellar/mpfr/4.0.2/lib,
					/usr/local/Cellar/boost/1.69.0/lib,
					"/usr/local/Cellar/open-mesh/7.1/lib",
					/usr/local/Cellar/opencv/4.0.1/lib,
				);
				OTHER_LDFLAGS = (
					"-lopencv_calib3d",
					"-lopencv_core",
					"-lopencv_features2d",
					"-lopencv_flann",
					"-lopencv_highgui",
					"-lopencv_imgcodecs",
					"-lopencv_imgproc",
					"-lopencv_ml",
					"-lopencv_objdetect",
					"-lopencv_photo",
					"-lopencv_shape",
					"-lopencv_stitching",
					"-lopencv_superres",
					"-lopencv_video",
					"-lopencv_videoio",
					"-lopencv_videostab",
					"/usr/local/Cellar/open-mesh/7.1/lib/libOpenMeshTools.a",
					"/usr/local/Cellar/open-mesh/7.1/lib/libOpenMeshCore.a",
					"-lCGAL",
					"-lCGAL_Core",
					"-lgmp",
					"-lmpfr",
					"-lboost_system",
					"-lboost_filesystem",
					"-lopencv_ximgproc",
				);
				PRODUCT_NAME = "$(TARGET_NAME)";
			};
			name = Debug;
		};
		EE7519792289CDAE006A80EB /* Release */ = {
			isa = XCBuildConfiguration;
			buildSettings = {
				ALWAYS_SEARCH_USER_PATHS = YES;
				CODE_SIGN_STYLE = Automatic;
				HEADER_SEARCH_PATHS = (
					/usr/local/Cellar/eigen/3.3.7/include/Eigen3,
					/usr/local/Cellar/gmp/6.1.2_2/include,
					/usr/local/Cellar/mpfr/4.0.2/include,
					/usr/local/Cellar/boost/1.69.0/include,
					/usr/local/Cellar/cgal/4.14/include,
					"/usr/local/Cellar/open-mesh/7.1/include",
					/usr/local/Cellar/opencv/4.0.1/include/opencv4,
				);
				LIBRARY_SEARCH_PATHS = (
					/usr/local/Cellar/gmp/6.1.2_2/lib,
					/usr/local/Cellar/cgal/4.14/lib,
					/usr/local/Cellar/mpfr/4.0.2/lib,
					/usr/local/Cellar/boost/1.69.0/lib,
					"/usr/local/Cellar/open-mesh/7.1/lib",
					/usr/local/Cellar/opencv/4.0.1/lib,
				);
				OTHER_LDFLAGS = (
					"-lopencv_calib3d",
					"-lopencv_core",
					"-lopencv_features2d",
					"-lopencv_flann",
					"-lopencv_highgui",
					"-lopencv_imgcodecs",
					"-lopencv_imgproc",
					"-lopencv_ml",
					"-lopencv_objdetect",
					"-lopencv_photo",
					"-lopencv_shape",
					"-lopencv_stitching",
					"-lopencv_superres",
					"-lopencv_video",
					"-lopencv_videoio",
					"-lopencv_videostab",
					"/usr/local/Cellar/open-mesh/7.1/lib/libOpenMeshTools.a",
					"/usr/local/Cellar/open-mesh/7.1/lib/libOpenMeshCore.a",
					"-lCGAL",
					"-lCGAL_Core",
					"-lgmp",
					"-lmpfr",
					"-lboost_system",
					"-lboost_filesystem",
					"-lopencv_ximgproc",
				);
				PRODUCT_NAME = "$(TARGET_NAME)";
			};
			name = Release;
		};
/* End XCBuildConfiguration section */

/* Begin XCConfigurationList section */
		EE75196B2289CDAE006A80EB /* Build configuration list for PBXProject "Meshes" */ = {
			isa = XCConfigurationList;
			buildConfigurations = (
				EE7519752289CDAE006A80EB /* Debug */,
				EE7519762289CDAE006A80EB /* Release */,
			);
			defaultConfigurationIsVisible = 0;
			defaultConfigurationName = Release;
		};
		EE7519772289CDAE006A80EB /* Build configuration list for PBXNativeTarget "Meshes" */ = {
			isa = XCConfigurationList;
			buildConfigurations = (
				EE7519782289CDAE006A80EB /* Debug */,
				EE7519792289CDAE006A80EB /* Release */,
			);
			defaultConfigurationIsVisible = 0;
			defaultConfigurationName = Release;
		};
/* End XCConfigurationList section */
	};
	rootObject = EE7519682289CDAE006A80EB /* Project object */;
}
